// !$*UTF8*$!
{
	archiveVersion = 1;
	classes = {
	};
	objectVersion = 77;
	objects = {

/* Begin PBXContainerItemProxy section */
		74BB9EA52E9A4AB200714001 /* PBXContainerItemProxy */ = {
			isa = PBXContainerItemProxy;
			containerPortal = 74BB9E8F2E9A4AB000714001 /* Project object */;
			proxyType = 1;
			remoteGlobalIDString = 74BB9E962E9A4AB000714001;
			remoteInfo = week02;
		};
		74BB9EAF2E9A4AB200714001 /* PBXContainerItemProxy */ = {
			isa = PBXContainerItemProxy;
			containerPortal = 74BB9E8F2E9A4AB000714001 /* Project object */;
			proxyType = 1;
			remoteGlobalIDString = 74BB9E962E9A4AB000714001;
			remoteInfo = week02;
		};
/* End PBXContainerItemProxy section */

/* Begin PBXFileReference section */
		74BB9E972E9A4AB000714001 /* week02.app */ = {isa = PBXFileReference; explicitFileType = wrapper.application; includeInIndex = 0; path = week02.app; sourceTree = BUILT_PRODUCTS_DIR; };
		74BB9EA42E9A4AB200714001 /* week02Tests.xctest */ = {isa = PBXFileReference; explicitFileType = wrapper.cfbundle; includeInIndex = 0; path = week02Tests.xctest; sourceTree = BUILT_PRODUCTS_DIR; };
		74BB9EAE2E9A4AB200714001 /* week02UITests.xctest */ = {isa = PBXFileReference; explicitFileType = wrapper.cfbundle; includeInIndex = 0; path = week02UITests.xctest; sourceTree = BUILT_PRODUCTS_DIR; };
/* End PBXFileReference section */

/* Begin PBXFileSystemSynchronizedRootGroup section */
		74BB9E992E9A4AB000714001 /* week02 */ = {
			isa = PBXFileSystemSynchronizedRootGroup;
			path = week02;
			sourceTree = "<group>";
		};
		74BB9EA72E9A4AB200714001 /* week02Tests */ = {
			isa = PBXFileSystemSynchronizedRootGroup;
			path = week02Tests;
			sourceTree = "<group>";
		};
		74BB9EB12E9A4AB200714001 /* week02UITests */ = {
			isa = PBXFileSystemSynchronizedRootGroup;
			path = week02UITests;
			sourceTree = "<group>";
		};
/* End PBXFileSystemSynchronizedRootGroup section */

/* Begin PBXFrameworksBuildPhase section */
		74BB9E942E9A4AB000714001 /* Frameworks */ = {
			isa = PBXFrameworksBuildPhase;
			buildActionMask = 2147483647;
			files = (
			);
			runOnlyForDeploymentPostprocessing = 0;
		};
		74BB9EA12E9A4AB200714001 /* Frameworks */ = {
			isa = PBXFrameworksBuildPhase;
			buildActionMask = 2147483647;
			files = (
			);
			runOnlyForDeploymentPostprocessing = 0;
		};
		74BB9EAB2E9A4AB200714001 /* Frameworks */ = {
			isa = PBXFrameworksBuildPhase;
			buildActionMask = 2147483647;
			files = (
			);
			runOnlyForDeploymentPostprocessing = 0;
		};
/* End PBXFrameworksBuildPhase section */

/* Begin PBXGroup section */
		74BB9E8E2E9A4AB000714001 = {
			isa = PBXGroup;
			children = (
				74BB9E992E9A4AB000714001 /* week02 */,
				74BB9EA72E9A4AB200714001 /* week02Tests */,
				74BB9EB12E9A4AB200714001 /* week02UITests */,
				74BB9E982E9A4AB000714001 /* Products */,
			);
			sourceTree = "<group>";
		};
		74BB9E982E9A4AB000714001 /* Products */ = {
			isa = PBXGroup;
			children = (
				74BB9E972E9A4AB000714001 /* week02.app */,
				74BB9EA42E9A4AB200714001 /* week02Tests.xctest */,
				74BB9EAE2E9A4AB200714001 /* week02UITests.xctest */,
			);
			name = Products;
			sourceTree = "<group>";
		};
/* End PBXGroup section */

/* Begin PBXNativeTarget section */
		74BB9E962E9A4AB000714001 /* week02 */ = {
			isa = PBXNativeTarget;
			buildConfigurationList = 74BB9EB82E9A4AB200714001 /* Build configuration list for PBXNativeTarget "week02" */;
			buildPhases = (
				74BB9E932E9A4AB000714001 /* Sources */,
				74BB9E942E9A4AB000714001 /* Frameworks */,
				74BB9E952E9A4AB000714001 /* Resources */,
			);
			buildRules = (
			);
			dependencies = (
			);
			fileSystemSynchronizedGroups = (
				74BB9E992E9A4AB000714001 /* week02 */,
			);
			name = week02;
			packageProductDependencies = (
			);
			productName = week02;
			productReference = 74BB9E972E9A4AB000714001 /* week02.app */;
			productType = "com.apple.product-type.application";
		};
		74BB9EA32E9A4AB200714001 /* week02Tests */ = {
			isa = PBXNativeTarget;
			buildConfigurationList = 74BB9EBB2E9A4AB200714001 /* Build configuration list for PBXNativeTarget "week02Tests" */;
			buildPhases = (
				74BB9EA02E9A4AB200714001 /* Sources */,
				74BB9EA12E9A4AB200714001 /* Frameworks */,
				74BB9EA22E9A4AB200714001 /* Resources */,
			);
			buildRules = (
			);
			dependencies = (
				74BB9EA62E9A4AB200714001 /* PBXTargetDependency */,
			);
			fileSystemSynchronizedGroups = (
				74BB9EA72E9A4AB200714001 /* week02Tests */,
			);
			name = week02Tests;
			packageProductDependencies = (
			);
			productName = week02Tests;
			productReference = 74BB9EA42E9A4AB200714001 /* week02Tests.xctest */;
			productType = "com.apple.product-type.bundle.unit-test";
		};
		74BB9EAD2E9A4AB200714001 /* week02UITests */ = {
			isa = PBXNativeTarget;
			buildConfigurationList = 74BB9EBE2E9A4AB200714001 /* Build configuration list for PBXNativeTarget "week02UITests" */;
			buildPhases = (
				74BB9EAA2E9A4AB200714001 /* Sources */,
				74BB9EAB2E9A4AB200714001 /* Frameworks */,
				74BB9EAC2E9A4AB200714001 /* Resources */,
			);
			buildRules = (
			);
			dependencies = (
				74BB9EB02E9A4AB200714001 /* PBXTargetDependency */,
			);
			fileSystemSynchronizedGroups = (
				74BB9EB12E9A4AB200714001 /* week02UITests */,
			);
			name = week02UITests;
			packageProductDependencies = (
			);
			productName = week02UITests;
			productReference = 74BB9EAE2E9A4AB200714001 /* week02UITests.xctest */;
			productType = "com.apple.product-type.bundle.ui-testing";
		};
/* End PBXNativeTarget section */

/* Begin PBXProject section */
		74BB9E8F2E9A4AB000714001 /* Project object */ = {
			isa = PBXProject;
			attributes = {
				BuildIndependentTargetsInParallel = 1;
				LastSwiftUpdateCheck = 1640;
				LastUpgradeCheck = 1640;
				TargetAttributes = {
					74BB9E962E9A4AB000714001 = {
						CreatedOnToolsVersion = 16.4;
					};
					74BB9EA32E9A4AB200714001 = {
						CreatedOnToolsVersion = 16.4;
						TestTargetID = 74BB9E962E9A4AB000714001;
					};
					74BB9EAD2E9A4AB200714001 = {
						CreatedOnToolsVersion = 16.4;
						TestTargetID = 74BB9E962E9A4AB000714001;
					};
				};
			};
			buildConfigurationList = 74BB9E922E9A4AB000714001 /* Build configuration list for PBXProject "week02" */;
			developmentRegion = en;
			hasScannedForEncodings = 0;
			knownRegions = (
				en,
				Base,
			);
			mainGroup = 74BB9E8E2E9A4AB000714001;
			minimizedProjectReferenceProxies = 1;
			preferredProjectObjectVersion = 77;
			productRefGroup = 74BB9E982E9A4AB000714001 /* Products */;
			projectDirPath = "";
			projectRoot = "";
			targets = (
				74BB9E962E9A4AB000714001 /* week02 */,
				74BB9EA32E9A4AB200714001 /* week02Tests */,
				74BB9EAD2E9A4AB200714001 /* week02UITests */,
			);
		};
/* End PBXProject section */

/* Begin PBXResourcesBuildPhase section */
		74BB9E952E9A4AB000714001 /* Resources */ = {
			isa = PBXResourcesBuildPhase;
			buildActionMask = 2147483647;
			files = (
			);
			runOnlyForDeploymentPostprocessing = 0;
		};
		74BB9EA22E9A4AB200714001 /* Resources */ = {
			isa = PBXResourcesBuildPhase;
			buildActionMask = 2147483647;
			files = (
			);
			runOnlyForDeploymentPostprocessing = 0;
		};
		74BB9EAC2E9A4AB200714001 /* Resources */ = {
			isa = PBXResourcesBuildPhase;
			buildActionMask = 2147483647;
			files = (
			);
			runOnlyForDeploymentPostprocessing = 0;
		};
/* End PBXResourcesBuildPhase section */

/* Begin PBXSourcesBuildPhase section */
		74BB9E932E9A4AB000714001 /* Sources */ = {
			isa = PBXSourcesBuildPhase;
			buildActionMask = 2147483647;
			files = (
			);
			runOnlyForDeploymentPostprocessing = 0;
		};
		74BB9EA02E9A4AB200714001 /* Sources */ = {
			isa = PBXSourcesBuildPhase;
			buildActionMask = 2147483647;
			files = (
			);
			runOnlyForDeploymentPostprocessing = 0;
		};
		74BB9EAA2E9A4AB200714001 /* Sources */ = {
			isa = PBXSourcesBuildPhase;
			buildActionMask = 2147483647;
			files = (
			);
			runOnlyForDeploymentPostprocessing = 0;
		};
/* End PBXSourcesBuildPhase section */

/* Begin PBXTargetDependency section */
		74BB9EA62E9A4AB200714001 /* PBXTargetDependency */ = {
			isa = PBXTargetDependency;
			target = 74BB9E962E9A4AB000714001 /* week02 */;
			targetProxy = 74BB9EA52E9A4AB200714001 /* PBXContainerItemProxy */;
		};
		74BB9EB02E9A4AB200714001 /* PBXTargetDependency */ = {
			isa = PBXTargetDependency;
			target = 74BB9E962E9A4AB000714001 /* week02 */;
			targetProxy = 74BB9EAF2E9A4AB200714001 /* PBXContainerItemProxy */;
		};
/* End PBXTargetDependency section */

/* Begin XCBuildConfiguration section */
		74BB9EB62E9A4AB200714001 /* Debug */ = {
			isa = XCBuildConfiguration;
			buildSettings = {
				ALWAYS_SEARCH_USER_PATHS = NO;
				ASSETCATALOG_COMPILER_GENERATE_SWIFT_ASSET_SYMBOL_EXTENSIONS = YES;
				CLANG_ANALYZER_NONNULL = YES;
				CLANG_ANALYZER_NUMBER_OBJECT_CONVERSION = YES_AGGRESSIVE;
				CLANG_CXX_LANGUAGE_STANDARD = "gnu++20";
				CLANG_ENABLE_MODULES = YES;
				CLANG_ENABLE_OBJC_ARC = YES;
				CLANG_ENABLE_OBJC_WEAK = YES;
				CLANG_WARN_BLOCK_CAPTURE_AUTORELEASING = YES;
				CLANG_WARN_BOOL_CONVERSION = YES;
				CLANG_WARN_COMMA = YES;
				CLANG_WARN_CONSTANT_CONVERSION = YES;
				CLANG_WARN_DEPRECATED_OBJC_IMPLEMENTATIONS = YES;
				CLANG_WARN_DIRECT_OBJC_ISA_USAGE = YES_ERROR;
				CLANG_WARN_DOCUMENTATION_COMMENTS = YES;
				CLANG_WARN_EMPTY_BODY = YES;
				CLANG_WARN_ENUM_CONVERSION = YES;
				CLANG_WARN_INFINITE_RECURSION = YES;
				CLANG_WARN_INT_CONVERSION = YES;
				CLANG_WARN_NON_LITERAL_NULL_CONVERSION = YES;
				CLANG_WARN_OBJC_IMPLICIT_RETAIN_SELF = YES;
				CLANG_WARN_OBJC_LITERAL_CONVERSION = YES;
				CLANG_WARN_OBJC_ROOT_CLASS = YES_ERROR;
				CLANG_WARN_QUOTED_INCLUDE_IN_FRAMEWORK_HEADER = YES;
				CLANG_WARN_RANGE_LOOP_ANALYSIS = YES;
				CLANG_WARN_STRICT_PROTOTYPES = YES;
				CLANG_WARN_SUSPICIOUS_MOVE = YES;
				CLANG_WARN_UNGUARDED_AVAILABILITY = YES_AGGRESSIVE;
				CLANG_WARN_UNREACHABLE_CODE = YES;
				CLANG_WARN__DUPLICATE_METHOD_MATCH = YES;
				COPY_PHASE_STRIP = NO;
				DEBUG_INFORMATION_FORMAT = dwarf;
				ENABLE_STRICT_OBJC_MSGSEND = YES;
				ENABLE_TESTABILITY = YES;
				ENABLE_USER_SCRIPT_SANDBOXING = YES;
				GCC_C_LANGUAGE_STANDARD = gnu17;
				GCC_DYNAMIC_NO_PIC = NO;
				GCC_NO_COMMON_BLOCKS = YES;
				GCC_OPTIMIZATION_LEVEL = 0;
				GCC_PREPROCESSOR_DEFINITIONS = (
					"DEBUG=1",
					"$(inherited)",
				);
				GCC_WARN_64_TO_32_BIT_CONVERSION = YES;
				GCC_WARN_ABOUT_RETURN_TYPE = YES_ERROR;
				GCC_WARN_UNDECLARED_SELECTOR = YES;
				GCC_WARN_UNINITIALIZED_AUTOS = YES_AGGRESSIVE;
				GCC_WARN_UNUSED_FUNCTION = YES;
				GCC_WARN_UNUSED_VARIABLE = YES;
				IPHONEOS_DEPLOYMENT_TARGET = 18.5;
				LOCALIZATION_PREFERS_STRING_CATALOGS = YES;
				MTL_ENABLE_DEBUG_INFO = INCLUDE_SOURCE;
				MTL_FAST_MATH = YES;
				ONLY_ACTIVE_ARCH = YES;
				SDKROOT = iphoneos;
				SWIFT_ACTIVE_COMPILATION_CONDITIONS = "DEBUG $(inherited)";
				SWIFT_OPTIMIZATION_LEVEL = "-Onone";
			};
			name = Debug;
		};
		74BB9EB72E9A4AB200714001 /* Release */ = {
			isa = XCBuildConfiguration;
			buildSettings = {
				ALWAYS_SEARCH_USER_PATHS = NO;
				ASSETCATALOG_COMPILER_GENERATE_SWIFT_ASSET_SYMBOL_EXTENSIONS = YES;
				CLANG_ANALYZER_NONNULL = YES;
				CLANG_ANALYZER_NUMBER_OBJECT_CONVERSION = YES_AGGRESSIVE;
				CLANG_CXX_LANGUAGE_STANDARD = "gnu++20";
				CLANG_ENABLE_MODULES = YES;
				CLANG_ENABLE_OBJC_ARC = YES;
				CLANG_ENABLE_OBJC_WEAK = YES;
				CLANG_WARN_BLOCK_CAPTURE_AUTORELEASING = YES;
				CLANG_WARN_BOOL_CONVERSION = YES;
				CLANG_WARN_COMMA = YES;
				CLANG_WARN_CONSTANT_CONVERSION = YES;
				CLANG_WARN_DEPRECATED_OBJC_IMPLEMENTATIONS = YES;
				CLANG_WARN_DIRECT_OBJC_ISA_USAGE = YES_ERROR;
				CLANG_WARN_DOCUMENTATION_COMMENTS = YES;
				CLANG_WARN_EMPTY_BODY = YES;
				CLANG_WARN_ENUM_CONVERSION = YES;
				CLANG_WARN_INFINITE_RECURSION = YES;
				CLANG_WARN_INT_CONVERSION = YES;
				CLANG_WARN_NON_LITERAL_NULL_CONVERSION = YES;
				CLANG_WARN_OBJC_IMPLICIT_RETAIN_SELF = YES;
				CLANG_WARN_OBJC_LITERAL_CONVERSION = YES;
				CLANG_WARN_OBJC_ROOT_CLASS = YES_ERROR;
				CLANG_WARN_QUOTED_INCLUDE_IN_FRAMEWORK_HEADER = YES;
				CLANG_WARN_RANGE_LOOP_ANALYSIS = YES;
				CLANG_WARN_STRICT_PROTOTYPES = YES;
				CLANG_WARN_SUSPICIOUS_MOVE = YES;
				CLANG_WARN_UNGUARDED_AVAILABILITY = YES_AGGRESSIVE;
				CLANG_WARN_UNREACHABLE_CODE = YES;
				CLANG_WARN__DUPLICATE_METHOD_MATCH = YES;
				COPY_PHASE_STRIP = NO;
				DEBUG_INFORMATION_FORMAT = "dwarf-with-dsym";
				ENABLE_NS_ASSERTIONS = NO;
				ENABLE_STRICT_OBJC_MSGSEND = YES;
				ENABLE_USER_SCRIPT_SANDBOXING = YES;
				GCC_C_LANGUAGE_STANDARD = gnu17;
				GCC_NO_COMMON_BLOCKS = YES;
				GCC_WARN_64_TO_32_BIT_CONVERSION = YES;
				GCC_WARN_ABOUT_RETURN_TYPE = YES_ERROR;
				GCC_WARN_UNDECLARED_SELECTOR = YES;
				GCC_WARN_UNINITIALIZED_AUTOS = YES_AGGRESSIVE;
				GCC_WARN_UNUSED_FUNCTION = YES;
				GCC_WARN_UNUSED_VARIABLE = YES;
				IPHONEOS_DEPLOYMENT_TARGET = 18.5;
				LOCALIZATION_PREFERS_STRING_CATALOGS = YES;
				MTL_ENABLE_DEBUG_INFO = NO;
				MTL_FAST_MATH = YES;
				SDKROOT = iphoneos;
				SWIFT_COMPILATION_MODE = wholemodule;
				VALIDATE_PRODUCT = YES;
			};
			name = Release;
		};
		74BB9EB92E9A4AB200714001 /* Debug */ = {
			isa = XCBuildConfiguration;
			buildSettings = {
				ASSETCATALOG_COMPILER_APPICON_NAME = AppIcon;
				ASSETCATALOG_COMPILER_GLOBAL_ACCENT_COLOR_NAME = AccentColor;
				CODE_SIGN_STYLE = Automatic;
				CURRENT_PROJECT_VERSION = 1;
				ENABLE_PREVIEWS = YES;
				GENERATE_INFOPLIST_FILE = YES;
				INFOPLIST_KEY_UIApplicationSceneManifest_Generation = YES;
				INFOPLIST_KEY_UIApplicationSupportsIndirectInputEvents = YES;
				INFOPLIST_KEY_UILaunchScreen_Generation = YES;
				INFOPLIST_KEY_UISupportedInterfaceOrientations_iPad = "UIInterfaceOrientationPortrait UIInterfaceOrientationPortraitUpsideDown UIInterfaceOrientationLandscapeLeft UIInterfaceOrientationLandscapeRight";
				INFOPLIST_KEY_UISupportedInterfaceOrientations_iPhone = "UIInterfaceOrientationPortrait UIInterfaceOrientationLandscapeLeft UIInterfaceOrientationLandscapeRight";
				LD_RUNPATH_SEARCH_PATHS = (
					"$(inherited)",
					"@executable_path/Frameworks",
				);
				MARKETING_VERSION = 1.0;
				PRODUCT_BUNDLE_IDENTIFIER = glukka.wmin.ac.uk.week02;
				PRODUCT_NAME = "$(TARGET_NAME)";
				SWIFT_EMIT_LOC_STRINGS = YES;
				SWIFT_VERSION = 5.0;
				TARGETED_DEVICE_FAMILY = "1,2";
			};
			name = Debug;
		};
		74BB9EBA2E9A4AB200714001 /* Release */ = {
			isa = XCBuildConfiguration;
			buildSettings = {
				ASSETCATALOG_COMPILER_APPICON_NAME = AppIcon;
				ASSETCATALOG_COMPILER_GLOBAL_ACCENT_COLOR_NAME = AccentColor;
				CODE_SIGN_STYLE = Automatic;
				CURRENT_PROJECT_VERSION = 1;
				ENABLE_PREVIEWS = YES;
				GENERATE_INFOPLIST_FILE = YES;
				INFOPLIST_KEY_UIApplicationSceneManifest_Generation = YES;
				INFOPLIST_KEY_UIApplicationSupportsIndirectInputEvents = YES;
				INFOPLIST_KEY_UILaunchScreen_Generation = YES;
				INFOPLIST_KEY_UISupportedInterfaceOrientations_iPad = "UIInterfaceOrientationPortrait UIInterfaceOrientationPortraitUpsideDown UIInterfaceOrientationLandscapeLeft UIInterfaceOrientationLandscapeRight";
				INFOPLIST_KEY_UISupportedInterfaceOrientations_iPhone = "UIInterfaceOrientationPortrait UIInterfaceOrientationLandscapeLeft UIInterfaceOrientationLandscapeRight";
				LD_RUNPATH_SEARCH_PATHS = (
					"$(inherited)",
					"@executable_path/Frameworks",
				);
				MARKETING_VERSION = 1.0;
				PRODUCT_BUNDLE_IDENTIFIER = glukka.wmin.ac.uk.week02;
				PRODUCT_NAME = "$(TARGET_NAME)";
				SWIFT_EMIT_LOC_STRINGS = YES;
				SWIFT_VERSION = 5.0;
				TARGETED_DEVICE_FAMILY = "1,2";
			};
			name = Release;
		};
		74BB9EBC2E9A4AB200714001 /* Debug */ = {
			isa = XCBuildConfiguration;
			buildSettings = {
				BUNDLE_LOADER = "$(TEST_HOST)";
				CODE_SIGN_STYLE = Automatic;
				CURRENT_PROJECT_VERSION = 1;
				GENERATE_INFOPLIST_FILE = YES;
				IPHONEOS_DEPLOYMENT_TARGET = 18.5;
				MARKETING_VERSION = 1.0;
				PRODUCT_BUNDLE_IDENTIFIER = glukka.wmin.ac.uk.week02Tests;
				PRODUCT_NAME = "$(TARGET_NAME)";
				SWIFT_EMIT_LOC_STRINGS = NO;
				SWIFT_VERSION = 5.0;
				TARGETED_DEVICE_FAMILY = "1,2";
				TEST_HOST = "$(BUILT_PRODUCTS_DIR)/week02.app/$(BUNDLE_EXECUTABLE_FOLDER_PATH)/week02";
			};
			name = Debug;
		};
		74BB9EBD2E9A4AB200714001 /* Release */ = {
			isa = XCBuildConfiguration;
			buildSettings = {
				BUNDLE_LOADER = "$(TEST_HOST)";
				CODE_SIGN_STYLE = Automatic;
				CURRENT_PROJECT_VERSION = 1;
				GENERATE_INFOPLIST_FILE = YES;
				IPHONEOS_DEPLOYMENT_TARGET = 18.5;
				MARKETING_VERSION = 1.0;
				PRODUCT_BUNDLE_IDENTIFIER = glukka.wmin.ac.uk.week02Tests;
				PRODUCT_NAME = "$(TARGET_NAME)";
				SWIFT_EMIT_LOC_STRINGS = NO;
				SWIFT_VERSION = 5.0;
				TARGETED_DEVICE_FAMILY = "1,2";
				TEST_HOST = "$(BUILT_PRODUCTS_DIR)/week02.app/$(BUNDLE_EXECUTABLE_FOLDER_PATH)/week02";
			};
			name = Release;
		};
		74BB9EBF2E9A4AB200714001 /* Debug */ = {
			isa = XCBuildConfiguration;
			buildSettings = {
				CODE_SIGN_STYLE = Automatic;
				CURRENT_PROJECT_VERSION = 1;
				GENERATE_INFOPLIST_FILE = YES;
				MARKETING_VERSION = 1.0;
				PRODUCT_BUNDLE_IDENTIFIER = glukka.wmin.ac.uk.week02UITests;
				PRODUCT_NAME = "$(TARGET_NAME)";
				SWIFT_EMIT_LOC_STRINGS = NO;
				SWIFT_VERSION = 5.0;
				TARGETED_DEVICE_FAMILY = "1,2";
				TEST_TARGET_NAME = week02;
			};
			name = Debug;
		};
		74BB9EC02E9A4AB200714001 /* Release */ = {
			isa = XCBuildConfiguration;
			buildSettings = {
				CODE_SIGN_STYLE = Automatic;
				CURRENT_PROJECT_VERSION = 1;
				GENERATE_INFOPLIST_FILE = YES;
				MARKETING_VERSION = 1.0;
				PRODUCT_BUNDLE_IDENTIFIER = glukka.wmin.ac.uk.week02UITests;
				PRODUCT_NAME = "$(TARGET_NAME)";
				SWIFT_EMIT_LOC_STRINGS = NO;
				SWIFT_VERSION = 5.0;
				TARGETED_DEVICE_FAMILY = "1,2";
				TEST_TARGET_NAME = week02;
			};
			name = Release;
		};
/* End XCBuildConfiguration section */

/* Begin XCConfigurationList section */
		74BB9E922E9A4AB000714001 /* Build configuration list for PBXProject "week02" */ = {
			isa = XCConfigurationList;
			buildConfigurations = (
				74BB9EB62E9A4AB200714001 /* Debug */,
				74BB9EB72E9A4AB200714001 /* Release */,
			);
			defaultConfigurationIsVisible = 0;
			defaultConfigurationName = Release;
		};
		74BB9EB82E9A4AB200714001 /* Build configuration list for PBXNativeTarget "week02" */ = {
			isa = XCConfigurationList;
			buildConfigurations = (
				74BB9EB92E9A4AB200714001 /* Debug */,
				74BB9EBA2E9A4AB200714001 /* Release */,
			);
			defaultConfigurationIsVisible = 0;
			defaultConfigurationName = Release;
		};
		74BB9EBB2E9A4AB200714001 /* Build configuration list for PBXNativeTarget "week02Tests" */ = {
			isa = XCConfigurationList;
			buildConfigurations = (
				74BB9EBC2E9A4AB200714001 /* Debug */,
				74BB9EBD2E9A4AB200714001 /* Release */,
			);
			defaultConfigurationIsVisible = 0;
			defaultConfigurationName = Release;
		};
		74BB9EBE2E9A4AB200714001 /* Build configuration list for PBXNativeTarget "week02UITests" */ = {
			isa = XCConfigurationList;
			buildConfigurations = (
				74BB9EBF2E9A4AB200714001 /* Debug */,
				74BB9EC02E9A4AB200714001 /* Release */,
			);
			defaultConfigurationIsVisible = 0;
			defaultConfigurationName = Release;
		};
/* End XCConfigurationList section */
	};
	rootObject = 74BB9E8F2E9A4AB000714001 /* Project object */;
}
