// !$*UTF8*$!
{
	archiveVersion = 1;
	classes = {
	};
	objectVersion = 77;
	objects = {

/* Begin PBXContainerItemProxy section */
		74FE1A5A2EA383F200A8FD5A /* PBXContainerItemProxy */ = {
			isa = PBXContainerItemProxy;
			containerPortal = 74FE1A442EA383EF00A8FD5A /* Project object */;
			proxyType = 1;
			remoteGlobalIDString = 74FE1A4B2EA383EF00A8FD5A;
			remoteInfo = week3lec;
		};
		74FE1A642EA383F200A8FD5A /* PBXContainerItemProxy */ = {
			isa = PBXContainerItemProxy;
			containerPortal = 74FE1A442EA383EF00A8FD5A /* Project object */;
			proxyType = 1;
			remoteGlobalIDString = 74FE1A4B2EA383EF00A8FD5A;
			remoteInfo = week3lec;
		};
/* End PBXContainerItemProxy section */

/* Begin PBXFileReference section */
		74FE1A4C2EA383EF00A8FD5A /* week3lec.app */ = {isa = PBXFileReference; explicitFileType = wrapper.application; includeInIndex = 0; path = week3lec.app; sourceTree = BUILT_PRODUCTS_DIR; };
		74FE1A592EA383F200A8FD5A /* week3lecTests.xctest */ = {isa = PBXFileReference; explicitFileType = wrapper.cfbundle; includeInIndex = 0; path = week3lecTests.xctest; sourceTree = BUILT_PRODUCTS_DIR; };
		74FE1A632EA383F200A8FD5A /* week3lecUITests.xctest */ = {isa = PBXFileReference; explicitFileType = wrapper.cfbundle; includeInIndex = 0; path = week3lecUITests.xctest; sourceTree = BUILT_PRODUCTS_DIR; };
/* End PBXFileReference section */

/* Begin PBXFileSystemSynchronizedRootGroup section */
		74FE1A4E2EA383EF00A8FD5A /* week3lec */ = {
			isa = PBXFileSystemSynchronizedRootGroup;
			path = week3lec;
			sourceTree = "<group>";
		};
		74FE1A5C2EA383F200A8FD5A /* week3lecTests */ = {
			isa = PBXFileSystemSynchronizedRootGroup;
			path = week3lecTests;
			sourceTree = "<group>";
		};
		74FE1A662EA383F200A8FD5A /* week3lecUITests */ = {
			isa = PBXFileSystemSynchronizedRootGroup;
			path = week3lecUITests;
			sourceTree = "<group>";
		};
/* End PBXFileSystemSynchronizedRootGroup section */

/* Begin PBXFrameworksBuildPhase section */
		74FE1A492EA383EF00A8FD5A /* Frameworks */ = {
			isa = PBXFrameworksBuildPhase;
			buildActionMask = 2147483647;
			files = (
			);
			runOnlyForDeploymentPostprocessing = 0;
		};
		74FE1A562EA383F200A8FD5A /* Frameworks */ = {
			isa = PBXFrameworksBuildPhase;
			buildActionMask = 2147483647;
			files = (
			);
			runOnlyForDeploymentPostprocessing = 0;
		};
		74FE1A602EA383F200A8FD5A /* Frameworks */ = {
			isa = PBXFrameworksBuildPhase;
			buildActionMask = 2147483647;
			files = (
			);
			runOnlyForDeploymentPostprocessing = 0;
		};
/* End PBXFrameworksBuildPhase section */

/* Begin PBXGroup section */
		74FE1A432EA383EF00A8FD5A = {
			isa = PBXGroup;
			children = (
				74FE1A4E2EA383EF00A8FD5A /* week3lec */,
				74FE1A5C2EA383F200A8FD5A /* week3lecTests */,
				74FE1A662EA383F200A8FD5A /* week3lecUITests */,
				74FE1A4D2EA383EF00A8FD5A /* Products */,
			);
			sourceTree = "<group>";
		};
		74FE1A4D2EA383EF00A8FD5A /* Products */ = {
			isa = PBXGroup;
			children = (
				74FE1A4C2EA383EF00A8FD5A /* week3lec.app */,
				74FE1A592EA383F200A8FD5A /* week3lecTests.xctest */,
				74FE1A632EA383F200A8FD5A /* week3lecUITests.xctest */,
			);
			name = Products;
			sourceTree = "<group>";
		};
/* End PBXGroup section */

/* Begin PBXNativeTarget section */
		74FE1A4B2EA383EF00A8FD5A /* week3lec */ = {
			isa = PBXNativeTarget;
			buildConfigurationList = 74FE1A6D2EA383F200A8FD5A /* Build configuration list for PBXNativeTarget "week3lec" */;
			buildPhases = (
				74FE1A482EA383EF00A8FD5A /* Sources */,
				74FE1A492EA383EF00A8FD5A /* Frameworks */,
				74FE1A4A2EA383EF00A8FD5A /* Resources */,
			);
			buildRules = (
			);
			dependencies = (
			);
			fileSystemSynchronizedGroups = (
				74FE1A4E2EA383EF00A8FD5A /* week3lec */,
			);
			name = week3lec;
			packageProductDependencies = (
			);
			productName = week3lec;
			productReference = 74FE1A4C2EA383EF00A8FD5A /* week3lec.app */;
			productType = "com.apple.product-type.application";
		};
		74FE1A582EA383F200A8FD5A /* week3lecTests */ = {
			isa = PBXNativeTarget;
			buildConfigurationList = 74FE1A702EA383F200A8FD5A /* Build configuration list for PBXNativeTarget "week3lecTests" */;
			buildPhases = (
				74FE1A552EA383F200A8FD5A /* Sources */,
				74FE1A562EA383F200A8FD5A /* Frameworks */,
				74FE1A572EA383F200A8FD5A /* Resources */,
			);
			buildRules = (
			);
			dependencies = (
				74FE1A5B2EA383F200A8FD5A /* PBXTargetDependency */,
			);
			fileSystemSynchronizedGroups = (
				74FE1A5C2EA383F200A8FD5A /* week3lecTests */,
			);
			name = week3lecTests;
			packageProductDependencies = (
			);
			productName = week3lecTests;
			productReference = 74FE1A592EA383F200A8FD5A /* week3lecTests.xctest */;
			productType = "com.apple.product-type.bundle.unit-test";
		};
		74FE1A622EA383F200A8FD5A /* week3lecUITests */ = {
			isa = PBXNativeTarget;
			buildConfigurationList = 74FE1A732EA383F200A8FD5A /* Build configuration list for PBXNativeTarget "week3lecUITests" */;
			buildPhases = (
				74FE1A5F2EA383F200A8FD5A /* Sources */,
				74FE1A602EA383F200A8FD5A /* Frameworks */,
				74FE1A612EA383F200A8FD5A /* Resources */,
			);
			buildRules = (
			);
			dependencies = (
				74FE1A652EA383F200A8FD5A /* PBXTargetDependency */,
			);
			fileSystemSynchronizedGroups = (
				74FE1A662EA383F200A8FD5A /* week3lecUITests */,
			);
			name = week3lecUITests;
			packageProductDependencies = (
			);
			productName = week3lecUITests;
			productReference = 74FE1A632EA383F200A8FD5A /* week3lecUITests.xctest */;
			productType = "com.apple.product-type.bundle.ui-testing";
		};
/* End PBXNativeTarget section */

/* Begin PBXProject section */
		74FE1A442EA383EF00A8FD5A /* Project object */ = {
			isa = PBXProject;
			attributes = {
				BuildIndependentTargetsInParallel = 1;
				LastSwiftUpdateCheck = 1640;
				LastUpgradeCheck = 1640;
				TargetAttributes = {
					74FE1A4B2EA383EF00A8FD5A = {
						CreatedOnToolsVersion = 16.4;
					};
					74FE1A582EA383F200A8FD5A = {
						CreatedOnToolsVersion = 16.4;
						TestTargetID = 74FE1A4B2EA383EF00A8FD5A;
					};
					74FE1A622EA383F200A8FD5A = {
						CreatedOnToolsVersion = 16.4;
						TestTargetID = 74FE1A4B2EA383EF00A8FD5A;
					};
				};
			};
			buildConfigurationList = 74FE1A472EA383EF00A8FD5A /* Build configuration list for PBXProject "week3lec" */;
			developmentRegion = en;
			hasScannedForEncodings = 0;
			knownRegions = (
				en,
				Base,
			);
			mainGroup = 74FE1A432EA383EF00A8FD5A;
			minimizedProjectReferenceProxies = 1;
			preferredProjectObjectVersion = 77;
			productRefGroup = 74FE1A4D2EA383EF00A8FD5A /* Products */;
			projectDirPath = "";
			projectRoot = "";
			targets = (
				74FE1A4B2EA383EF00A8FD5A /* week3lec */,
				74FE1A582EA383F200A8FD5A /* week3lecTests */,
				74FE1A622EA383F200A8FD5A /* week3lecUITests */,
			);
		};
/* End PBXProject section */

/* Begin PBXResourcesBuildPhase section */
		74FE1A4A2EA383EF00A8FD5A /* Resources */ = {
			isa = PBXResourcesBuildPhase;
			buildActionMask = 2147483647;
			files = (
			);
			runOnlyForDeploymentPostprocessing = 0;
		};
		74FE1A572EA383F200A8FD5A /* Resources */ = {
			isa = PBXResourcesBuildPhase;
			buildActionMask = 2147483647;
			files = (
			);
			runOnlyForDeploymentPostprocessing = 0;
		};
		74FE1A612EA383F200A8FD5A /* Resources */ = {
			isa = PBXResourcesBuildPhase;
			buildActionMask = 2147483647;
			files = (
			);
			runOnlyForDeploymentPostprocessing = 0;
		};
/* End PBXResourcesBuildPhase section */

/* Begin PBXSourcesBuildPhase section */
		74FE1A482EA383EF00A8FD5A /* Sources */ = {
			isa = PBXSourcesBuildPhase;
			buildActionMask = 2147483647;
			files = (
			);
			runOnlyForDeploymentPostprocessing = 0;
		};
		74FE1A552EA383F200A8FD5A /* Sources */ = {
			isa = PBXSourcesBuildPhase;
			buildActionMask = 2147483647;
			files = (
			);
			runOnlyForDeploymentPostprocessing = 0;
		};
		74FE1A5F2EA383F200A8FD5A /* Sources */ = {
			isa = PBXSourcesBuildPhase;
			buildActionMask = 2147483647;
			files = (
			);
			runOnlyForDeploymentPostprocessing = 0;
		};
/* End PBXSourcesBuildPhase section */

/* Begin PBXTargetDependency section */
		74FE1A5B2EA383F200A8FD5A /* PBXTargetDependency */ = {
			isa = PBXTargetDependency;
			target = 74FE1A4B2EA383EF00A8FD5A /* week3lec */;
			targetProxy = 74FE1A5A2EA383F200A8FD5A /* PBXContainerItemProxy */;
		};
		74FE1A652EA383F200A8FD5A /* PBXTargetDependency */ = {
			isa = PBXTargetDependency;
			target = 74FE1A4B2EA383EF00A8FD5A /* week3lec */;
			targetProxy = 74FE1A642EA383F200A8FD5A /* PBXContainerItemProxy */;
		};
/* End PBXTargetDependency section */

/* Begin XCBuildConfiguration section */
		74FE1A6B2EA383F200A8FD5A /* Debug */ = {
			isa = XCBuildConfiguration;
			buildSettings = {
				ALWAYS_SEARCH_USER_PATHS = NO;
				ASSETCATALOG_COMPILER_GENERATE_SWIFT_ASSET_SYMBOL_EXTENSIONS = YES;
				CLANG_ANALYZER_NONNULL = YES;
				CLANG_ANALYZER_NUMBER_OBJECT_CONVERSION = YES_AGGRESSIVE;
				CLANG_CXX_LANGUAGE_STANDARD = "gnu++20";
				CLANG_ENABLE_MODULES = YES;
				CLANG_ENABLE_OBJC_ARC = YES;
				CLANG_ENABLE_OBJC_WEAK = YES;
				CLANG_WARN_BLOCK_CAPTURE_AUTORELEASING = YES;
				CLANG_WARN_BOOL_CONVERSION = YES;
				CLANG_WARN_COMMA = YES;
				CLANG_WARN_CONSTANT_CONVERSION = YES;
				CLANG_WARN_DEPRECATED_OBJC_IMPLEMENTATIONS = YES;
				CLANG_WARN_DIRECT_OBJC_ISA_USAGE = YES_ERROR;
				CLANG_WARN_DOCUMENTATION_COMMENTS = YES;
				CLANG_WARN_EMPTY_BODY = YES;
				CLANG_WARN_ENUM_CONVERSION = YES;
				CLANG_WARN_INFINITE_RECURSION = YES;
				CLANG_WARN_INT_CONVERSION = YES;
				CLANG_WARN_NON_LITERAL_NULL_CONVERSION = YES;
				CLANG_WARN_OBJC_IMPLICIT_RETAIN_SELF = YES;
				CLANG_WARN_OBJC_LITERAL_CONVERSION = YES;
				CLANG_WARN_OBJC_ROOT_CLASS = YES_ERROR;
				CLANG_WARN_QUOTED_INCLUDE_IN_FRAMEWORK_HEADER = YES;
				CLANG_WARN_RANGE_LOOP_ANALYSIS = YES;
				CLANG_WARN_STRICT_PROTOTYPES = YES;
				CLANG_WARN_SUSPICIOUS_MOVE = YES;
				CLANG_WARN_UNGUARDED_AVAILABILITY = YES_AGGRESSIVE;
				CLANG_WARN_UNREACHABLE_CODE = YES;
				CLANG_WARN__DUPLICATE_METHOD_MATCH = YES;
				COPY_PHASE_STRIP = NO;
				DEBUG_INFORMATION_FORMAT = dwarf;
				ENABLE_STRICT_OBJC_MSGSEND = YES;
				ENABLE_TESTABILITY = YES;
				ENABLE_USER_SCRIPT_SANDBOXING = YES;
				GCC_C_LANGUAGE_STANDARD = gnu17;
				GCC_DYNAMIC_NO_PIC = NO;
				GCC_NO_COMMON_BLOCKS = YES;
				GCC_OPTIMIZATION_LEVEL = 0;
				GCC_PREPROCESSOR_DEFINITIONS = (
					"DEBUG=1",
					"$(inherited)",
				);
				GCC_WARN_64_TO_32_BIT_CONVERSION = YES;
				GCC_WARN_ABOUT_RETURN_TYPE = YES_ERROR;
				GCC_WARN_UNDECLARED_SELECTOR = YES;
				GCC_WARN_UNINITIALIZED_AUTOS = YES_AGGRESSIVE;
				GCC_WARN_UNUSED_FUNCTION = YES;
				GCC_WARN_UNUSED_VARIABLE = YES;
				IPHONEOS_DEPLOYMENT_TARGET = 18.5;
				LOCALIZATION_PREFERS_STRING_CATALOGS = YES;
				MTL_ENABLE_DEBUG_INFO = INCLUDE_SOURCE;
				MTL_FAST_MATH = YES;
				ONLY_ACTIVE_ARCH = YES;
				SDKROOT = iphoneos;
				SWIFT_ACTIVE_COMPILATION_CONDITIONS = "DEBUG $(inherited)";
				SWIFT_OPTIMIZATION_LEVEL = "-Onone";
			};
			name = Debug;
		};
		74FE1A6C2EA383F200A8FD5A /* Release */ = {
			isa = XCBuildConfiguration;
			buildSettings = {
				ALWAYS_SEARCH_USER_PATHS = NO;
				ASSETCATALOG_COMPILER_GENERATE_SWIFT_ASSET_SYMBOL_EXTENSIONS = YES;
				CLANG_ANALYZER_NONNULL = YES;
				CLANG_ANALYZER_NUMBER_OBJECT_CONVERSION = YES_AGGRESSIVE;
				CLANG_CXX_LANGUAGE_STANDARD = "gnu++20";
				CLANG_ENABLE_MODULES = YES;
				CLANG_ENABLE_OBJC_ARC = YES;
				CLANG_ENABLE_OBJC_WEAK = YES;
				CLANG_WARN_BLOCK_CAPTURE_AUTORELEASING = YES;
				CLANG_WARN_BOOL_CONVERSION = YES;
				CLANG_WARN_COMMA = YES;
				CLANG_WARN_CONSTANT_CONVERSION = YES;
				CLANG_WARN_DEPRECATED_OBJC_IMPLEMENTATIONS = YES;
				CLANG_WARN_DIRECT_OBJC_ISA_USAGE = YES_ERROR;
				CLANG_WARN_DOCUMENTATION_COMMENTS = YES;
				CLANG_WARN_EMPTY_BODY = YES;
				CLANG_WARN_ENUM_CONVERSION = YES;
				CLANG_WARN_INFINITE_RECURSION = YES;
				CLANG_WARN_INT_CONVERSION = YES;
				CLANG_WARN_NON_LITERAL_NULL_CONVERSION = YES;
				CLANG_WARN_OBJC_IMPLICIT_RETAIN_SELF = YES;
				CLANG_WARN_OBJC_LITERAL_CONVERSION = YES;
				CLANG_WARN_OBJC_ROOT_CLASS = YES_ERROR;
				CLANG_WARN_QUOTED_INCLUDE_IN_FRAMEWORK_HEADER = YES;
				CLANG_WARN_RANGE_LOOP_ANALYSIS = YES;
				CLANG_WARN_STRICT_PROTOTYPES = YES;
				CLANG_WARN_SUSPICIOUS_MOVE = YES;
				CLANG_WARN_UNGUARDED_AVAILABILITY = YES_AGGRESSIVE;
				CLANG_WARN_UNREACHABLE_CODE = YES;
				CLANG_WARN__DUPLICATE_METHOD_MATCH = YES;
				COPY_PHASE_STRIP = NO;
				DEBUG_INFORMATION_FORMAT = "dwarf-with-dsym";
				ENABLE_NS_ASSERTIONS = NO;
				ENABLE_STRICT_OBJC_MSGSEND = YES;
				ENABLE_USER_SCRIPT_SANDBOXING = YES;
				GCC_C_LANGUAGE_STANDARD = gnu17;
				GCC_NO_COMMON_BLOCKS = YES;
				GCC_WARN_64_TO_32_BIT_CONVERSION = YES;
				GCC_WARN_ABOUT_RETURN_TYPE = YES_ERROR;
				GCC_WARN_UNDECLARED_SELECTOR = YES;
				GCC_WARN_UNINITIALIZED_AUTOS = YES_AGGRESSIVE;
				GCC_WARN_UNUSED_FUNCTION = YES;
				GCC_WARN_UNUSED_VARIABLE = YES;
				IPHONEOS_DEPLOYMENT_TARGET = 18.5;
				LOCALIZATION_PREFERS_STRING_CATALOGS = YES;
				MTL_ENABLE_DEBUG_INFO = NO;
				MTL_FAST_MATH = YES;
				SDKROOT = iphoneos;
				SWIFT_COMPILATION_MODE = wholemodule;
				VALIDATE_PRODUCT = YES;
			};
			name = Release;
		};
		74FE1A6E2EA383F200A8FD5A /* Debug */ = {
			isa = XCBuildConfiguration;
			buildSettings = {
				ASSETCATALOG_COMPILER_APPICON_NAME = AppIcon;
				ASSETCATALOG_COMPILER_GLOBAL_ACCENT_COLOR_NAME = AccentColor;
				CODE_SIGN_STYLE = Automatic;
				CURRENT_PROJECT_VERSION = 1;
				ENABLE_PREVIEWS = YES;
				GENERATE_INFOPLIST_FILE = YES;
				INFOPLIST_KEY_UIApplicationSceneManifest_Generation = YES;
				INFOPLIST_KEY_UIApplicationSupportsIndirectInputEvents = YES;
				INFOPLIST_KEY_UILaunchScreen_Generation = YES;
				INFOPLIST_KEY_UISupportedInterfaceOrientations_iPad = "UIInterfaceOrientationPortrait UIInterfaceOrientationPortraitUpsideDown UIInterfaceOrientationLandscapeLeft UIInterfaceOrientationLandscapeRight";
				INFOPLIST_KEY_UISupportedInterfaceOrientations_iPhone = "UIInterfaceOrientationPortrait UIInterfaceOrientationLandscapeLeft UIInterfaceOrientationLandscapeRight";
				LD_RUNPATH_SEARCH_PATHS = (
					"$(inherited)",
					"@executable_path/Frameworks",
				);
				MARKETING_VERSION = 1.0;
				PRODUCT_BUNDLE_IDENTIFIER = glukka.wmin.ac.uk.week3lec;
				PRODUCT_NAME = "$(TARGET_NAME)";
				SWIFT_EMIT_LOC_STRINGS = YES;
				SWIFT_VERSION = 5.0;
				TARGETED_DEVICE_FAMILY = "1,2";
			};
			name = Debug;
		};
		74FE1A6F2EA383F200A8FD5A /* Release */ = {
			isa = XCBuildConfiguration;
			buildSettings = {
				ASSETCATALOG_COMPILER_APPICON_NAME = AppIcon;
				ASSETCATALOG_COMPILER_GLOBAL_ACCENT_COLOR_NAME = AccentColor;
				CODE_SIGN_STYLE = Automatic;
				CURRENT_PROJECT_VERSION = 1;
				ENABLE_PREVIEWS = YES;
				GENERATE_INFOPLIST_FILE = YES;
				INFOPLIST_KEY_UIApplicationSceneManifest_Generation = YES;
				INFOPLIST_KEY_UIApplicationSupportsIndirectInputEvents = YES;
				INFOPLIST_KEY_UILaunchScreen_Generation = YES;
				INFOPLIST_KEY_UISupportedInterfaceOrientations_iPad = "UIInterfaceOrientationPortrait UIInterfaceOrientationPortraitUpsideDown UIInterfaceOrientationLandscapeLeft UIInterfaceOrientationLandscapeRight";
				INFOPLIST_KEY_UISupportedInterfaceOrientations_iPhone = "UIInterfaceOrientationPortrait UIInterfaceOrientationLandscapeLeft UIInterfaceOrientationLandscapeRight";
				LD_RUNPATH_SEARCH_PATHS = (
					"$(inherited)",
					"@executable_path/Frameworks",
				);
				MARKETING_VERSION = 1.0;
				PRODUCT_BUNDLE_IDENTIFIER = glukka.wmin.ac.uk.week3lec;
				PRODUCT_NAME = "$(TARGET_NAME)";
				SWIFT_EMIT_LOC_STRINGS = YES;
				SWIFT_VERSION = 5.0;
				TARGETED_DEVICE_FAMILY = "1,2";
			};
			name = Release;
		};
		74FE1A712EA383F200A8FD5A /* Debug */ = {
			isa = XCBuildConfiguration;
			buildSettings = {
				BUNDLE_LOADER = "$(TEST_HOST)";
				CODE_SIGN_STYLE = Automatic;
				CURRENT_PROJECT_VERSION = 1;
				GENERATE_INFOPLIST_FILE = YES;
				IPHONEOS_DEPLOYMENT_TARGET = 18.5;
				MARKETING_VERSION = 1.0;
				PRODUCT_BUNDLE_IDENTIFIER = glukka.wmin.ac.uk.week3lecTests;
				PRODUCT_NAME = "$(TARGET_NAME)";
				SWIFT_EMIT_LOC_STRINGS = NO;
				SWIFT_VERSION = 5.0;
				TARGETED_DEVICE_FAMILY = "1,2";
				TEST_HOST = "$(BUILT_PRODUCTS_DIR)/week3lec.app/$(BUNDLE_EXECUTABLE_FOLDER_PATH)/week3lec";
			};
			name = Debug;
		};
		74FE1A722EA383F200A8FD5A /* Release */ = {
			isa = XCBuildConfiguration;
			buildSettings = {
				BUNDLE_LOADER = "$(TEST_HOST)";
				CODE_SIGN_STYLE = Automatic;
				CURRENT_PROJECT_VERSION = 1;
				GENERATE_INFOPLIST_FILE = YES;
				IPHONEOS_DEPLOYMENT_TARGET = 18.5;
				MARKETING_VERSION = 1.0;
				PRODUCT_BUNDLE_IDENTIFIER = glukka.wmin.ac.uk.week3lecTests;
				PRODUCT_NAME = "$(TARGET_NAME)";
				SWIFT_EMIT_LOC_STRINGS = NO;
				SWIFT_VERSION = 5.0;
				TARGETED_DEVICE_FAMILY = "1,2";
				TEST_HOST = "$(BUILT_PRODUCTS_DIR)/week3lec.app/$(BUNDLE_EXECUTABLE_FOLDER_PATH)/week3lec";
			};
			name = Release;
		};
		74FE1A742EA383F200A8FD5A /* Debug */ = {
			isa = XCBuildConfiguration;
			buildSettings = {
				CODE_SIGN_STYLE = Automatic;
				CURRENT_PROJECT_VERSION = 1;
				GENERATE_INFOPLIST_FILE = YES;
				MARKETING_VERSION = 1.0;
				PRODUCT_BUNDLE_IDENTIFIER = glukka.wmin.ac.uk.week3lecUITests;
				PRODUCT_NAME = "$(TARGET_NAME)";
				SWIFT_EMIT_LOC_STRINGS = NO;
				SWIFT_VERSION = 5.0;
				TARGETED_DEVICE_FAMILY = "1,2";
				TEST_TARGET_NAME = week3lec;
			};
			name = Debug;
		};
		74FE1A752EA383F200A8FD5A /* Release */ = {
			isa = XCBuildConfiguration;
			buildSettings = {
				CODE_SIGN_STYLE = Automatic;
				CURRENT_PROJECT_VERSION = 1;
				GENERATE_INFOPLIST_FILE = YES;
				MARKETING_VERSION = 1.0;
				PRODUCT_BUNDLE_IDENTIFIER = glukka.wmin.ac.uk.week3lecUITests;
				PRODUCT_NAME = "$(TARGET_NAME)";
				SWIFT_EMIT_LOC_STRINGS = NO;
				SWIFT_VERSION = 5.0;
				TARGETED_DEVICE_FAMILY = "1,2";
				TEST_TARGET_NAME = week3lec;
			};
			name = Release;
		};
/* End XCBuildConfiguration section */

/* Begin XCConfigurationList section */
		74FE1A472EA383EF00A8FD5A /* Build configuration list for PBXProject "week3lec" */ = {
			isa = XCConfigurationList;
			buildConfigurations = (
				74FE1A6B2EA383F200A8FD5A /* Debug */,
				74FE1A6C2EA383F200A8FD5A /* Release */,
			);
			defaultConfigurationIsVisible = 0;
			defaultConfigurationName = Release;
		};
		74FE1A6D2EA383F200A8FD5A /* Build configuration list for PBXNativeTarget "week3lec" */ = {
			isa = XCConfigurationList;
			buildConfigurations = (
				74FE1A6E2EA383F200A8FD5A /* Debug */,
				74FE1A6F2EA383F200A8FD5A /* Release */,
			);
			defaultConfigurationIsVisible = 0;
			defaultConfigurationName = Release;
		};
		74FE1A702EA383F200A8FD5A /* Build configuration list for PBXNativeTarget "week3lecTests" */ = {
			isa = XCConfigurationList;
			buildConfigurations = (
				74FE1A712EA383F200A8FD5A /* Debug */,
				74FE1A722EA383F200A8FD5A /* Release */,
			);
			defaultConfigurationIsVisible = 0;
			defaultConfigurationName = Release;
		};
		74FE1A732EA383F200A8FD5A /* Build configuration list for PBXNativeTarget "week3lecUITests" */ = {
			isa = XCConfigurationList;
			buildConfigurations = (
				74FE1A742EA383F200A8FD5A /* Debug */,
				74FE1A752EA383F200A8FD5A /* Release */,
			);
			defaultConfigurationIsVisible = 0;
			defaultConfigurationName = Release;
		};
/* End XCConfigurationList section */
	};
	rootObject = 74FE1A442EA383EF00A8FD5A /* Project object */;
}
